
Microsoft Visual Studio Solution File, Format Version 12.00
# Visual Studio Version 16
VisualStudioVersion = 16.0.31025.194
MinimumVisualStudioVersion = 10.0.40219.1
Project("{9A19103F-16F7-4668-BE54-9A1E7A4F7556}") = "DataAccess", "DataAccess\DataAccess.csproj", "{DEDB02DA-B289-459D-ADD2-FB77730D1A4D}"
EndProject
Project("{9A19103F-16F7-4668-BE54-9A1E7A4F7556}") = "Business", "Business\Business.csproj", "{E73F006E-A370-41B3-A036-2AD60F5DCACE}"
EndProject
Project("{9A19103F-16F7-4668-BE54-9A1E7A4F7556}") = "Entities", "Entities\Entities.csproj", "{448F3CCA-F513-4BE3-8167-F43437593A32}"
EndProject
Project("{FAE04EC0-301F-11D3-BF4B-00C04F79EFBC}") = "ConsoleUI", "ConsoleUI\ConsoleUI.csproj", "{AAB9481A-D04B-408B-8A51-5EAFEEBD7AD7}"
EndProject
Global
	GlobalSection(SolutionConfigurationPlatforms) = preSolution
		Debug|Any CPU = Debug|Any CPU
		Release|Any CPU = Release|Any CPU
	EndGlobalSection
	GlobalSection(ProjectConfigurationPlatforms) = postSolution
		{DEDB02DA-B289-459D-ADD2-FB77730D1A4D}.Debug|Any CPU.ActiveCfg = Debug|Any CPU
		{DEDB02DA-B289-459D-ADD2-FB77730D1A4D}.Debug|Any CPU.Build.0 = Debug|Any CPU
		{DEDB02DA-B289-459D-ADD2-FB77730D1A4D}.Release|Any CPU.ActiveCfg = Release|Any CPU
		{DEDB02DA-B289-459D-ADD2-FB77730D1A4D}.Release|Any CPU.Build.0 = Release|Any CPU
		{E73F006E-A370-41B3-A036-2AD60F5DCACE}.Debug|Any CPU.ActiveCfg = Debug|Any CPU
		{E73F006E-A370-41B3-A036-2AD60F5DCACE}.Debug|Any CPU.Build.0 = Debug|Any CPU
		{E73F006E-A370-41B3-A036-2AD60F5DCACE}.Release|Any CPU.ActiveCfg = Release|Any CPU
		{E73F006E-A370-41B3-A036-2AD60F5DCACE}.Release|Any CPU.Build.0 = Release|Any CPU
		{448F3CCA-F513-4BE3-8167-F43437593A32}.Debug|Any CPU.ActiveCfg = Debug|Any CPU
		{448F3CCA-F513-4BE3-8167-F43437593A32}.Debug|Any CPU.Build.0 = Debug|Any CPU
		{448F3CCA-F513-4BE3-8167-F43437593A32}.Release|Any CPU.ActiveCfg = Release|Any CPU
		{448F3CCA-F513-4BE3-8167-F43437593A32}.Release|Any CPU.Build.0 = Release|Any CPU
		{AAB9481A-D04B-408B-8A51-5EAFEEBD7AD7}.Debug|Any CPU.ActiveCfg = Debug|Any CPU
		{AAB9481A-D04B-408B-8A51-5EAFEEBD7AD7}.Debug|Any CPU.Build.0 = Debug|Any CPU
		{AAB9481A-D04B-408B-8A51-5EAFEEBD7AD7}.Release|Any CPU.ActiveCfg = Release|Any CPU
		{AAB9481A-D04B-408B-8A51-5EAFEEBD7AD7}.Release|Any CPU.Build.0 = Release|Any CPU
	EndGlobalSection
	GlobalSection(SolutionProperties) = preSolution
		HideSolutionNode = FALSE
	EndGlobalSection
	GlobalSection(ExtensibilityGlobals) = postSolution
		SolutionGuid = {78947442-A10E-49AC-927B-BE25F0F635E5}
	EndGlobalSection
EndGlobal
